
Microsoft Visual Studio Solution File, Format Version 12.00
# Visual Studio Version 16
VisualStudioVersion = 16.0.31911.196
MinimumVisualStudioVersion = 10.0.40219.1
Project("{FAE04EC0-301F-11D3-BF4B-00C04F79EFBC}") = "ETickets", "ETickets\ETickets.csproj", "{4BF35F09-E228-4AF6-8FF3-4318C46F777F}"
EndProject
Global
	GlobalSection(SolutionConfigurationPlatforms) = preSolution
		Debug|Any CPU = Debug|Any CPU
		Release|Any CPU = Release|Any CPU
	EndGlobalSection
	GlobalSection(ProjectConfigurationPlatforms) = postSolution
		{4BF35F09-E228-4AF6-8FF3-4318C46F777F}.Debug|Any CPU.ActiveCfg = Debug|Any CPU
		{4BF35F09-E228-4AF6-8FF3-4318C46F777F}.Debug|Any CPU.Build.0 = Debug|Any CPU
		{4BF35F09-E228-4AF6-8FF3-4318C46F777F}.Release|Any CPU.ActiveCfg = Release|Any CPU
		{4BF35F09-E228-4AF6-8FF3-4318C46F777F}.Release|Any CPU.Build.0 = Release|Any CPU
	EndGlobalSection
	GlobalSection(SolutionProperties) = preSolution
		HideSolutionNode = FALSE
	EndGlobalSection
	GlobalSection(ExtensibilityGlobals) = postSolution
		SolutionGuid = {72D2C2BC-BDD2-4B1C-AD40-A55C169428BF}
	EndGlobalSection
EndGlobal
